
Microsoft Visual Studio Solution File, Format Version 12.00
# Visual Studio Version 16
VisualStudioVersion = 16.0.30406.217
MinimumVisualStudioVersion = 10.0.40219.1
Project("{8BC9CEB8-8B4A-11D0-8D11-00A0C91BC942}") = "02_variables", "02_variables\02_variables.vcxproj", "{B8033F9A-460E-4060-8593-7EFFE838A0FC}"
EndProject
Global
	GlobalSection(SolutionConfigurationPlatforms) = preSolution
		Debug|x64 = Debug|x64
		Debug|x86 = Debug|x86
		Release|x64 = Release|x64
		Release|x86 = Release|x86
	EndGlobalSection
	GlobalSection(ProjectConfigurationPlatforms) = postSolution
		{B8033F9A-460E-4060-8593-7EFFE838A0FC}.Debug|x64.ActiveCfg = Debug|x64
		{B8033F9A-460E-4060-8593-7EFFE838A0FC}.Debug|x64.Build.0 = Debug|x64
		{B8033F9A-460E-4060-8593-7EFFE838A0FC}.Debug|x86.ActiveCfg = Debug|Win32
		{B8033F9A-460E-4060-8593-7EFFE838A0FC}.Debug|x86.Build.0 = Debug|Win32
		{B8033F9A-460E-4060-8593-7EFFE838A0FC}.Release|x64.ActiveCfg = Release|x64
		{B8033F9A-460E-4060-8593-7EFFE838A0FC}.Release|x64.Build.0 = Release|x64
		{B8033F9A-460E-4060-8593-7EFFE838A0FC}.Release|x86.ActiveCfg = Release|Win32
		{B8033F9A-460E-4060-8593-7EFFE838A0FC}.Release|x86.Build.0 = Release|Win32
	EndGlobalSection
	GlobalSection(SolutionProperties) = preSolution
		HideSolutionNode = FALSE
	EndGlobalSection
	GlobalSection(ExtensibilityGlobals) = postSolution
		SolutionGuid = {B3749794-B3E7-47A9-9492-37B37F6F2E4C}
	EndGlobalSection
EndGlobal
